
Microsoft Visual Studio Solution File, Format Version 12.00
# Visual Studio Version 16
VisualStudioVersion = 16.0.30413.136
MinimumVisualStudioVersion = 10.0.40219.1
Project("{2150E333-8FDC-42A3-9474-1A3956D46DE8}") = "@Solution Items", "@Solution Items", "{E942AA64-1A87-4E87-AD6B-0C1778D0ED82}"
	ProjectSection(SolutionItems) = preProject
		ChangeLog.md = ChangeLog.md
		build\Plainion.Windows.nuspec = build\Plainion.Windows.nuspec
		README.md = README.md
		build\Targets.fsx = build\Targets.fsx
	EndProjectSection
EndProject
Project("{9A19103F-16F7-4668-BE54-9A1E7A4F7556}") = "Plainion.Windows", "src\Plainion.Windows\Plainion.Windows.csproj", "{B76263B3-B4C6-4111-865D-1CE6B578D34A}"
EndProject
Project("{9A19103F-16F7-4668-BE54-9A1E7A4F7556}") = "Plainion.Windows.Tests", "src\Plainion.Windows.Tests\Plainion.Windows.Tests.csproj", "{57156D7A-BD77-45E3-82F6-01FA4A07E200}"
EndProject
Project("{6EC3EE1D-3C4E-46DD-8F32-0CC8E7565705}") = "Plainion.Windows.Specs", "src\Plainion.Windows.Specs\Plainion.Windows.Specs.fsproj", "{30A1AA84-86D6-455A-9ACD-D51F2BCE2438}"
EndProject
Project("{9A19103F-16F7-4668-BE54-9A1E7A4F7556}") = "Plainion.RI", "src\Plainion.RI\Plainion.RI.csproj", "{B264F282-4C3A-41E1-83F2-6C2AB5623E37}"
EndProject
Global
	GlobalSection(SolutionConfigurationPlatforms) = preSolution
		Debug|Any CPU = Debug|Any CPU
		Release|Any CPU = Release|Any CPU
	EndGlobalSection
	GlobalSection(ProjectConfigurationPlatforms) = postSolution
		{B76263B3-B4C6-4111-865D-1CE6B578D34A}.Debug|Any CPU.ActiveCfg = Debug|Any CPU
		{B76263B3-B4C6-4111-865D-1CE6B578D34A}.Debug|Any CPU.Build.0 = Debug|Any CPU
		{B76263B3-B4C6-4111-865D-1CE6B578D34A}.Release|Any CPU.ActiveCfg = Release|Any CPU
		{B76263B3-B4C6-4111-865D-1CE6B578D34A}.Release|Any CPU.Build.0 = Release|Any CPU
		{57156D7A-BD77-45E3-82F6-01FA4A07E200}.Debug|Any CPU.ActiveCfg = Debug|Any CPU
		{57156D7A-BD77-45E3-82F6-01FA4A07E200}.Debug|Any CPU.Build.0 = Debug|Any CPU
		{57156D7A-BD77-45E3-82F6-01FA4A07E200}.Release|Any CPU.ActiveCfg = Release|Any CPU
		{57156D7A-BD77-45E3-82F6-01FA4A07E200}.Release|Any CPU.Build.0 = Release|Any CPU
		{30A1AA84-86D6-455A-9ACD-D51F2BCE2438}.Debug|Any CPU.ActiveCfg = Debug|Any CPU
		{30A1AA84-86D6-455A-9ACD-D51F2BCE2438}.Debug|Any CPU.Build.0 = Debug|Any CPU
		{30A1AA84-86D6-455A-9ACD-D51F2BCE2438}.Release|Any CPU.ActiveCfg = Release|Any CPU
		{30A1AA84-86D6-455A-9ACD-D51F2BCE2438}.Release|Any CPU.Build.0 = Release|Any CPU
		{B264F282-4C3A-41E1-83F2-6C2AB5623E37}.Debug|Any CPU.ActiveCfg = Debug|Any CPU
		{B264F282-4C3A-41E1-83F2-6C2AB5623E37}.Debug|Any CPU.Build.0 = Debug|Any CPU
		{B264F282-4C3A-41E1-83F2-6C2AB5623E37}.Release|Any CPU.ActiveCfg = Release|Any CPU
		{B264F282-4C3A-41E1-83F2-6C2AB5623E37}.Release|Any CPU.Build.0 = Release|Any CPU
	EndGlobalSection
	GlobalSection(SolutionProperties) = preSolution
		HideSolutionNode = FALSE
	EndGlobalSection
	GlobalSection(ExtensibilityGlobals) = postSolution
		SolutionGuid = {2DC0D71B-917D-474D-8FA2-D2684858BF65}
	EndGlobalSection
EndGlobal
